<?xml version="1.0" encoding="utf-8"?>
<Project ToolsVersion="4.0" xmlns="http://schemas.microsoft.com/developer/msbuild/2003">
  <ItemGroup>
    <ClCompile Include="stub.cpp">
      <Filter>stub</Filter>
    </ClCompile>
    <ClCompile Include="MetaMod.cpp">
      <Filter>MetaMod\MetaMod</Filter>
    </ClCompile>
    <ClCompile Include="MetaEngine.cpp">
      <Filter>MetaMod\MetaEngine</Filter>
    </ClCompile>
    <ClCompile Include="MetaDLL.cpp">
      <Filter>MetaMod\MetaDLL</Filter>
    </ClCompile>
    <ClCompile Include="precompiled.cpp">
      <Filter>precompiled</Filter>
    </ClCompile>
    <ClCompile Include="ReAPI.cpp">
      <Filter>ReAPI</Filter>
    </ClCompile>
    <ClCompile Include="ReGameAPI.cpp">
      <Filter>ReGameAPI</Filter>
    </ClCompile>
  </ItemGroup>
  <ItemGroup>
    <ClInclude Include="stub.h">
      <Filter>stub</Filter>
    </ClInclude>
    <ClInclude Include="MetaMod.h">
      <Filter>MetaMod\MetaMod</Filter>
    </ClInclude>
    <ClInclude Include="MetaEngine.h">
      <Filter>MetaMod\MetaEngine</Filter>
    </ClInclude>
    <ClInclude Include="MetaDLL.h">
      <Filter>MetaMod\MetaDLL</Filter>
    </ClInclude>
    <ClInclude Include="precompiled.h">
      <Filter>precompiled</Filter>
    </ClInclude>
    <ClInclude Include="ReAPI.h">
      <Filter>ReAPI</Filter>
    </ClInclude>
    <ClInclude Include="ReGameAPI.h">
      <Filter>ReGameAPI</Filter>
    </ClInclude>
  </ItemGroup>
  <ItemGroup>
    <Filter Include="stub">
      <UniqueIdentifier>{0a5df37b-54f7-4408-be7f-d47e98dd911d}</UniqueIdentifier>
    </Filter>
    <Filter Include="MetaMod">
      <UniqueIdentifier>{93acdb55-3828-465c-8398-ad0debe22e60}</UniqueIdentifier>
    </Filter>
    <Filter Include="MetaMod\MetaMod">
      <UniqueIdentifier>{2a2b2446-91ed-4e66-832a-da171a550f33}</UniqueIdentifier>
    </Filter>
    <Filter Include="MetaMod\MetaEngine">
      <UniqueIdentifier>{41ff14b6-56ab-46b1-84cf-eeb4073a344d}</UniqueIdentifier>
    </Filter>
    <Filter Include="MetaMod\MetaDLL">
      <UniqueIdentifier>{025c0cb5-4352-4c28-842a-b8faed12fbca}</UniqueIdentifier>
    </Filter>
    <Filter Include="precompiled">
      <UniqueIdentifier>{ea005316-4c59-47a3-9740-5b4dd02f7807}</UniqueIdentifier>
    </Filter>
    <Filter Include="ReAPI">
      <UniqueIdentifier>{5523f01b-4b51-4aef-a6ff-87c1c84c84db}</UniqueIdentifier>
    </Filter>
    <Filter Include="ReGameAPI">
      <UniqueIdentifier>{0b55bc3f-c400-4be1-8564-91974a2b701f}</UniqueIdentifier>
    </Filter>
  </ItemGroup>
  <ItemGroup>
    <None Include="stub.def">
      <Filter>stub</Filter>
    </None>
  </ItemGroup>
</Project>